
Microsoft Visual Studio Solution File, Format Version 12.00
# Visual Studio 15
Project("{FAE04EC0-301F-11D3-BF4B-00C04F79EFBC}") = "Assembly-CSharp", "Assembly-CSharp.csproj", "{2238C34E-71CB-F639-A8DD-463280B0A872}"
EndProject
Project("{FAE04EC0-301F-11D3-BF4B-00C04F79EFBC}") = "Assembly-CSharp-Editor", "Assembly-CSharp-Editor.csproj", "{DA74D882-E155-B88F-6018-3736D3D0D9B7}"
EndProject
Global
	GlobalSection(SolutionConfigurationPlatforms) = preSolution
		Debug|Any CPU = Debug|Any CPU
		Release|Any CPU = Release|Any CPU
	EndGlobalSection
	GlobalSection(ProjectConfigurationPlatforms) = postSolution
		{2238C34E-71CB-F639-A8DD-463280B0A872}.Debug|Any CPU.ActiveCfg = Debug|Any CPU
		{2238C34E-71CB-F639-A8DD-463280B0A872}.Debug|Any CPU.Build.0 = Debug|Any CPU
		{2238C34E-71CB-F639-A8DD-463280B0A872}.Release|Any CPU.ActiveCfg = Release|Any CPU
		{2238C34E-71CB-F639-A8DD-463280B0A872}.Release|Any CPU.Build.0 = Release|Any CPU
		{DA74D882-E155-B88F-6018-3736D3D0D9B7}.Debug|Any CPU.ActiveCfg = Debug|Any CPU
		{DA74D882-E155-B88F-6018-3736D3D0D9B7}.Debug|Any CPU.Build.0 = Debug|Any CPU
		{DA74D882-E155-B88F-6018-3736D3D0D9B7}.Release|Any CPU.ActiveCfg = Release|Any CPU
		{DA74D882-E155-B88F-6018-3736D3D0D9B7}.Release|Any CPU.Build.0 = Release|Any CPU
	EndGlobalSection
	GlobalSection(SolutionProperties) = preSolution
		HideSolutionNode = FALSE
	EndGlobalSection
EndGlobal
